
Microsoft Visual Studio Solution File, Format Version 12.00
# Visual Studio Version 17
VisualStudioVersion = 17.0.31903.59
MinimumVisualStudioVersion = 10.0.40219.1
Project("{2150E333-8FDC-42A3-9474-1A3956D46DE8}") = "src", "src", "{827E0CD3-B72D-47B6-A68D-7590B98EB39B}"
EndProject
Project("{FAE04EC0-301F-11D3-BF4B-00C04F79EFBC}") = "Slither.Core", "src\Slither.Core\Slither.Core.csproj", "{FFBBAD5B-38B5-4E89-9149-CAF39A2CAF39}"
EndProject
Project("{FAE04EC0-301F-11D3-BF4B-00C04F79EFBC}") = "Slither.Protocol", "src\Slither.Protocol\Slither.Protocol.csproj", "{6913ED6F-8000-444E-B09C-39737A055C19}"
EndProject
Project("{FAE04EC0-301F-11D3-BF4B-00C04F79EFBC}") = "Slither.Client", "src\Slither.Client\Slither.Client.csproj", "{D0131168-EE2C-48AA-9812-826430FE86F2}"
EndProject
Project("{FAE04EC0-301F-11D3-BF4B-00C04F79EFBC}") = "Slither.Desktop", "src\Slither.Desktop\Slither.Desktop.csproj", "{C85F26CA-8A42-4143-8B81-82991659BFCF}"
EndProject
Project("{FAE04EC0-301F-11D3-BF4B-00C04F79EFBC}") = "Slither.Tests", "tests\Slither.Tests\Slither.Tests.csproj", "{4AAA710D-CB49-4898-BBA5-CD6E065196C3}"
EndProject
Project("{FAE04EC0-301F-11D3-BF4B-00C04F79EFBC}") = "Slither.Android", "src\Slither.Android\Slither.Android.csproj", "{4EF41956-4CF6-487E-8C55-587EA98A465A}"
EndProject
Global
	GlobalSection(SolutionConfigurationPlatforms) = preSolution
		Debug|Any CPU = Debug|Any CPU
		Debug|x64 = Debug|x64
		Debug|x86 = Debug|x86
		Release|Any CPU = Release|Any CPU
		Release|x64 = Release|x64
		Release|x86 = Release|x86
	EndGlobalSection
	GlobalSection(ProjectConfigurationPlatforms) = postSolution
		{FFBBAD5B-38B5-4E89-9149-CAF39A2CAF39}.Debug|Any CPU.ActiveCfg = Debug|Any CPU
		{FFBBAD5B-38B5-4E89-9149-CAF39A2CAF39}.Debug|Any CPU.Build.0 = Debug|Any CPU
		{FFBBAD5B-38B5-4E89-9149-CAF39A2CAF39}.Debug|x64.ActiveCfg = Debug|Any CPU
		{FFBBAD5B-38B5-4E89-9149-CAF39A2CAF39}.Debug|x64.Build.0 = Debug|Any CPU
		{FFBBAD5B-38B5-4E89-9149-CAF39A2CAF39}.Debug|x86.ActiveCfg = Debug|Any CPU
		{FFBBAD5B-38B5-4E89-9149-CAF39A2CAF39}.Debug|x86.Build.0 = Debug|Any CPU
		{FFBBAD5B-38B5-4E89-9149-CAF39A2CAF39}.Release|Any CPU.ActiveCfg = Release|Any CPU
		{FFBBAD5B-38B5-4E89-9149-CAF39A2CAF39}.Release|Any CPU.Build.0 = Release|Any CPU
		{FFBBAD5B-38B5-4E89-9149-CAF39A2CAF39}.Release|x64.ActiveCfg = Release|Any CPU
		{FFBBAD5B-38B5-4E89-9149-CAF39A2CAF39}.Release|x64.Build.0 = Release|Any CPU
		{FFBBAD5B-38B5-4E89-9149-CAF39A2CAF39}.Release|x86.ActiveCfg = Release|Any CPU
		{FFBBAD5B-38B5-4E89-9149-CAF39A2CAF39}.Release|x86.Build.0 = Release|Any CPU
		{6913ED6F-8000-444E-B09C-39737A055C19}.Debug|Any CPU.ActiveCfg = Debug|Any CPU
		{6913ED6F-8000-444E-B09C-39737A055C19}.Debug|Any CPU.Build.0 = Debug|Any CPU
		{6913ED6F-8000-444E-B09C-39737A055C19}.Debug|x64.ActiveCfg = Debug|Any CPU
		{6913ED6F-8000-444E-B09C-39737A055C19}.Debug|x64.Build.0 = Debug|Any CPU
		{6913ED6F-8000-444E-B09C-39737A055C19}.Debug|x86.ActiveCfg = Debug|Any CPU
		{6913ED6F-8000-444E-B09C-39737A055C19}.Debug|x86.Build.0 = Debug|Any CPU
		{6913ED6F-8000-444E-B09C-39737A055C19}.Release|Any CPU.ActiveCfg = Release|Any CPU
		{6913ED6F-8000-444E-B09C-39737A055C19}.Release|Any CPU.Build.0 = Release|Any CPU
		{6913ED6F-8000-444E-B09C-39737A055C19}.Release|x64.ActiveCfg = Release|Any CPU
		{6913ED6F-8000-444E-B09C-39737A055C19}.Release|x64.Build.0 = Release|Any CPU
		{6913ED6F-8000-444E-B09C-39737A055C19}.Release|x86.ActiveCfg = Release|Any CPU
		{6913ED6F-8000-444E-B09C-39737A055C19}.Release|x86.Build.0 = Release|Any CPU
		{D0131168-EE2C-48AA-9812-826430FE86F2}.Debug|Any CPU.ActiveCfg = Debug|Any CPU
		{D0131168-EE2C-48AA-9812-826430FE86F2}.Debug|Any CPU.Build.0 = Debug|Any CPU
		{D0131168-EE2C-48AA-9812-826430FE86F2}.Debug|x64.ActiveCfg = Debug|Any CPU
		{D0131168-EE2C-48AA-9812-826430FE86F2}.Debug|x64.Build.0 = Debug|Any CPU
		{D0131168-EE2C-48AA-9812-826430FE86F2}.Debug|x86.ActiveCfg = Debug|Any CPU
		{D0131168-EE2C-48AA-9812-826430FE86F2}.Debug|x86.Build.0 = Debug|Any CPU
		{D0131168-EE2C-48AA-9812-826430FE86F2}.Release|Any CPU.ActiveCfg = Release|Any CPU
		{D0131168-EE2C-48AA-9812-826430FE86F2}.Release|Any CPU.Build.0 = Release|Any CPU
		{D0131168-EE2C-48AA-9812-826430FE86F2}.Release|x64.ActiveCfg = Release|Any CPU
		{D0131168-EE2C-48AA-9812-826430FE86F2}.Release|x64.Build.0 = Release|Any CPU
		{D0131168-EE2C-48AA-9812-826430FE86F2}.Release|x86.ActiveCfg = Release|Any CPU
		{D0131168-EE2C-48AA-9812-826430FE86F2}.Release|x86.Build.0 = Release|Any CPU
		{C85F26CA-8A42-4143-8B81-82991659BFCF}.Debug|Any CPU.ActiveCfg = Debug|Any CPU
		{C85F26CA-8A42-4143-8B81-82991659BFCF}.Debug|Any CPU.Build.0 = Debug|Any CPU
		{C85F26CA-8A42-4143-8B81-82991659BFCF}.Debug|x64.ActiveCfg = Debug|Any CPU
		{C85F26CA-8A42-4143-8B81-82991659BFCF}.Debug|x64.Build.0 = Debug|Any CPU
		{C85F26CA-8A42-4143-8B81-82991659BFCF}.Debug|x86.ActiveCfg = Debug|Any CPU
		{C85F26CA-8A42-4143-8B81-82991659BFCF}.Debug|x86.Build.0 = Debug|Any CPU
		{C85F26CA-8A42-4143-8B81-82991659BFCF}.Release|Any CPU.ActiveCfg = Release|Any CPU
		{C85F26CA-8A42-4143-8B81-82991659BFCF}.Release|Any CPU.Build.0 = Release|Any CPU
		{C85F26CA-8A42-4143-8B81-82991659BFCF}.Release|x64.ActiveCfg = Release|Any CPU
		{C85F26CA-8A42-4143-8B81-82991659BFCF}.Release|x64.Build.0 = Release|Any CPU
		{C85F26CA-8A42-4143-8B81-82991659BFCF}.Release|x86.ActiveCfg = Release|Any CPU
		{C85F26CA-8A42-4143-8B81-82991659BFCF}.Release|x86.Build.0 = Release|Any CPU
		{4AAA710D-CB49-4898-BBA5-CD6E065196C3}.Debug|Any CPU.ActiveCfg = Debug|Any CPU
		{4AAA710D-CB49-4898-BBA5-CD6E065196C3}.Debug|Any CPU.Build.0 = Debug|Any CPU
		{4AAA710D-CB49-4898-BBA5-CD6E065196C3}.Debug|x64.ActiveCfg = Debug|Any CPU
		{4AAA710D-CB49-4898-BBA5-CD6E065196C3}.Debug|x64.Build.0 = Debug|Any CPU
		{4AAA710D-CB49-4898-BBA5-CD6E065196C3}.Debug|x86.ActiveCfg = Debug|Any CPU
		{4AAA710D-CB49-4898-BBA5-CD6E065196C3}.Debug|x86.Build.0 = Debug|Any CPU
		{4AAA710D-CB49-4898-BBA5-CD6E065196C3}.Release|Any CPU.ActiveCfg = Release|Any CPU
		{4AAA710D-CB49-4898-BBA5-CD6E065196C3}.Release|Any CPU.Build.0 = Release|Any CPU
		{4AAA710D-CB49-4898-BBA5-CD6E065196C3}.Release|x64.ActiveCfg = Release|Any CPU
		{4AAA710D-CB49-4898-BBA5-CD6E065196C3}.Release|x64.Build.0 = Release|Any CPU
		{4AAA710D-CB49-4898-BBA5-CD6E065196C3}.Release|x86.ActiveCfg = Release|Any CPU
		{4AAA710D-CB49-4898-BBA5-CD6E065196C3}.Release|x86.Build.0 = Release|Any CPU
		{4EF41956-4CF6-487E-8C55-587EA98A465A}.Debug|Any CPU.ActiveCfg = Debug|Any CPU
		{4EF41956-4CF6-487E-8C55-587EA98A465A}.Debug|Any CPU.Build.0 = Debug|Any CPU
		{4EF41956-4CF6-487E-8C55-587EA98A465A}.Debug|x64.ActiveCfg = Debug|Any CPU
		{4EF41956-4CF6-487E-8C55-587EA98A465A}.Debug|x64.Build.0 = Debug|Any CPU
		{4EF41956-4CF6-487E-8C55-587EA98A465A}.Debug|x86.ActiveCfg = Debug|Any CPU
		{4EF41956-4CF6-487E-8C55-587EA98A465A}.Debug|x86.Build.0 = Debug|Any CPU
		{4EF41956-4CF6-487E-8C55-587EA98A465A}.Release|Any CPU.ActiveCfg = Release|Any CPU
		{4EF41956-4CF6-487E-8C55-587EA98A465A}.Release|Any CPU.Build.0 = Release|Any CPU
		{4EF41956-4CF6-487E-8C55-587EA98A465A}.Release|x64.ActiveCfg = Release|Any CPU
		{4EF41956-4CF6-487E-8C55-587EA98A465A}.Release|x64.Build.0 = Release|Any CPU
		{4EF41956-4CF6-487E-8C55-587EA98A465A}.Release|x86.ActiveCfg = Release|Any CPU
		{4EF41956-4CF6-487E-8C55-587EA98A465A}.Release|x86.Build.0 = Release|Any CPU
	EndGlobalSection
	GlobalSection(SolutionProperties) = preSolution
		HideSolutionNode = FALSE
	EndGlobalSection
	GlobalSection(NestedProjects) = preSolution
		{FFBBAD5B-38B5-4E89-9149-CAF39A2CAF39} = {827E0CD3-B72D-47B6-A68D-7590B98EB39B}
		{6913ED6F-8000-444E-B09C-39737A055C19} = {827E0CD3-B72D-47B6-A68D-7590B98EB39B}
		{D0131168-EE2C-48AA-9812-826430FE86F2} = {827E0CD3-B72D-47B6-A68D-7590B98EB39B}
		{C85F26CA-8A42-4143-8B81-82991659BFCF} = {827E0CD3-B72D-47B6-A68D-7590B98EB39B}
		{4AAA710D-CB49-4898-BBA5-CD6E065196C3} = {827E0CD3-B72D-47B6-A68D-7590B98EB39B}
		{4EF41956-4CF6-487E-8C55-587EA98A465A} = {827E0CD3-B72D-47B6-A68D-7590B98EB39B}
	EndGlobalSection
EndGlobal
